{
  "requires": true,
  "lockfileVersion": 1,
  "dependencies": {
    "cypress-file-upload": {
      "version": "5.0.2",
      "resolved": "https://registry.npmjs.org/cypress-file-upload/-/cypress-file-upload-5.0.2.tgz",
      "integrity": "sha512-QRPnQPeEaW+HMVB62/htIsKh7Kd/x2uzoHKEQxh7LCD+4IaG0rAjLZupCIjjUh+JnRymgfir8wOYtFSJCNWlpA==",
      "dev": true,
      "requires": {
        "mime": "^2.5.0"
      }
    },
    "mime": {
      "version": "2.5.2",
      "resolved": "https://registry.npmjs.org/mime/-/mime-2.5.2.tgz",
      "integrity": "sha512-tqkh47FzKeCPD2PUiPB6pkbMzsCasjxAfC62/Wap5qrUWcb+sFasXUC5I3gYM5iBM8v/Qpn4UK0x+j0iHyFPDg=="
    }
  }
}
